// !$*UTF8*$!
{
	archiveVersion = 1;
	classes = {
	};
	objectVersion = 77;
	objects = {

/* Begin PBXBuildFile section */
		C62A2B8B2D12CBFA00D369D7 /* ReviewTableViewCell.swift in Sources */ = {isa = PBXBuildFile; fileRef = C62A2B8A2D12CBFA00D369D7 /* ReviewTableViewCell.swift */; };
		C643EC832D08EA7600CB0424 /* HomePageMusicCollectionViewCell.swift in Sources */ = {isa = PBXBuildFile; fileRef = C643EC822D08EA7600CB0424 /* HomePageMusicCollectionViewCell.swift */; };
		C643EC852D08EAAA00CB0424 /* HomePageTheatreCollectionViewCell.swift in Sources */ = {isa = PBXBuildFile; fileRef = C643EC842D08EAAA00CB0424 /* HomePageTheatreCollectionViewCell.swift */; };
		C643EC872D08EACD00CB0424 /* HomePageSportCollectionViewCell.swift in Sources */ = {isa = PBXBuildFile; fileRef = C643EC862D08EACD00CB0424 /* HomePageSportCollectionViewCell.swift */; };
		C643EC892D08EAE500CB0424 /* HomePageCategoryCollectionViewCell.swift in Sources */ = {isa = PBXBuildFile; fileRef = C643EC882D08EAE500CB0424 /* HomePageCategoryCollectionViewCell.swift */; };
		C643EC8B2D08F1B200CB0424 /* CategoryViewController.swift in Sources */ = {isa = PBXBuildFile; fileRef = C643EC8A2D08F1B200CB0424 /* CategoryViewController.swift */; };
		C643EC8D2D08F1D100CB0424 /* CategoryCollectionViewCell.swift in Sources */ = {isa = PBXBuildFile; fileRef = C643EC8C2D08F1D100CB0424 /* CategoryCollectionViewCell.swift */; };
		C643EC8F2D09B53200CB0424 /* CategoryDetailViewController.swift in Sources */ = {isa = PBXBuildFile; fileRef = C643EC8E2D09B53200CB0424 /* CategoryDetailViewController.swift */; };
		C643EC9F2D0A196800CB0424 /* DetailViewController.swift in Sources */ = {isa = PBXBuildFile; fileRef = C643EC9E2D0A196800CB0424 /* DetailViewController.swift */; };
		C643ECA12D0A1BB700CB0424 /* CategoryDetailRecommendedCollectionViewCell.swift in Sources */ = {isa = PBXBuildFile; fileRef = C643ECA02D0A1BB700CB0424 /* CategoryDetailRecommendedCollectionViewCell.swift */; };
		C643ECA32D0A1BD000CB0424 /* CategoryDetailCollectionViewCell.swift in Sources */ = {isa = PBXBuildFile; fileRef = C643ECA22D0A1BD000CB0424 /* CategoryDetailCollectionViewCell.swift */; };
		C643ECA52D0A483400CB0424 /* FilterViewController.swift in Sources */ = {isa = PBXBuildFile; fileRef = C643ECA42D0A483400CB0424 /* FilterViewController.swift */; };
		C65E68D62D1D8D8800B6D9D8 /* TicketsBuyViewController.swift in Sources */ = {isa = PBXBuildFile; fileRef = C65E68D52D1D8D8800B6D9D8 /* TicketsBuyViewController.swift */; };
		C667ED912D1E0DD70063C971 /* PaymentViewController.swift in Sources */ = {isa = PBXBuildFile; fileRef = C667ED902D1E0DD70063C971 /* PaymentViewController.swift */; };
		C667EDA12D2586300063C971 /* CoreLocation.framework in Frameworks */ = {isa = PBXBuildFile; fileRef = C667EDA02D2586300063C971 /* CoreLocation.framework */; };
		C667EDA32D25F36B0063C971 /* LocationViewController.swift in Sources */ = {isa = PBXBuildFile; fileRef = C667EDA22D25F36B0063C971 /* LocationViewController.swift */; };
		C667EDA52D25F4C20063C971 /* MapKit.framework in Frameworks */ = {isa = PBXBuildFile; fileRef = C667EDA42D25F4C20063C971 /* MapKit.framework */; };
		C67CC8B92D06E6A4005D1F80 /* AppDelegate.swift in Sources */ = {isa = PBXBuildFile; fileRef = C67CC8AE2D06E6A4005D1F80 /* AppDelegate.swift */; };
		C67CC8BB2D06E6A4005D1F80 /* SceneDelegate.swift in Sources */ = {isa = PBXBuildFile; fileRef = C67CC8B42D06E6A4005D1F80 /* SceneDelegate.swift */; };
		C67CC8BC2D06E6A4005D1F80 /* ViewController.swift in Sources */ = {isa = PBXBuildFile; fileRef = C67CC8B52D06E6A4005D1F80 /* ViewController.swift */; };
		C67CC8BF2D06E6A4005D1F80 /* LaunchScreen.storyboard in Resources */ = {isa = PBXBuildFile; fileRef = C67CC8B22D06E6A4005D1F80 /* LaunchScreen.storyboard */; };
		C67CC8C02D06E6A4005D1F80 /* Main.storyboard in Resources */ = {isa = PBXBuildFile; fileRef = C67CC8B32D06E6A4005D1F80 /* Main.storyboard */; };
		C682A3052D50FB5900C6CFB9 /* User.swift in Sources */ = {isa = PBXBuildFile; fileRef = C682A3042D50FB5900C6CFB9 /* User.swift */; };
		C682A3142D5168B300C6CFB9 /* Category.swift in Sources */ = {isa = PBXBuildFile; fileRef = C682A3132D5168B300C6CFB9 /* Category.swift */; };
		C682A3182D516AB300C6CFB9 /* Event.swift in Sources */ = {isa = PBXBuildFile; fileRef = C682A3172D516AB300C6CFB9 /* Event.swift */; };
		C682A31A2D516EB500C6CFB9 /* Review.swift in Sources */ = {isa = PBXBuildFile; fileRef = C682A3192D516EB500C6CFB9 /* Review.swift */; };
		C682A31C2D5170AC00C6CFB9 /* Filter.swift in Sources */ = {isa = PBXBuildFile; fileRef = C682A31B2D5170AC00C6CFB9 /* Filter.swift */; };
		C68CE0052D07144F0060AC86 /* ProfileCategoryTableViewCell.swift in Sources */ = {isa = PBXBuildFile; fileRef = C68CE0042D07144F0060AC86 /* ProfileCategoryTableViewCell.swift */; };
		C68CE0072D071CDB0060AC86 /* LoginViewController.swift in Sources */ = {isa = PBXBuildFile; fileRef = C68CE0062D071CDB0060AC86 /* LoginViewController.swift */; };
		C68CE0092D07200F0060AC86 /* SignUpViewController.swift in Sources */ = {isa = PBXBuildFile; fileRef = C68CE0082D07200F0060AC86 /* SignUpViewController.swift */; };
		C68CE00B2D072A740060AC86 /* ProfileUpdateViewController.swift in Sources */ = {isa = PBXBuildFile; fileRef = C68CE00A2D072A740060AC86 /* ProfileUpdateViewController.swift */; };
		C68CE01A2D08535C0060AC86 /* HomePageAdvertCollectionViewCell.swift in Sources */ = {isa = PBXBuildFile; fileRef = C68CE0192D08535C0060AC86 /* HomePageAdvertCollectionViewCell.swift */; };
		C6C030562D0706DF003C4EC9 /* ProfileViewController.swift in Sources */ = {isa = PBXBuildFile; fileRef = C6C030552D0706DF003C4EC9 /* ProfileViewController.swift */; };
		C6FE2E642D106624007B506F /* FavoriteCollectionViewCell.swift in Sources */ = {isa = PBXBuildFile; fileRef = C6FE2E632D106624007B506F /* FavoriteCollectionViewCell.swift */; };
		C6FE2E662D106636007B506F /* FavoriteViewController.swift in Sources */ = {isa = PBXBuildFile; fileRef = C6FE2E652D106636007B506F /* FavoriteViewController.swift */; };
		C6FE2E682D106E6C007B506F /* TicketsViewController.swift in Sources */ = {isa = PBXBuildFile; fileRef = C6FE2E672D106E6C007B506F /* TicketsViewController.swift */; };
		C6FE2E6A2D11A9E8007B506F /* TicketsCollectionViewCell.swift in Sources */ = {isa = PBXBuildFile; fileRef = C6FE2E692D11A9E8007B506F /* TicketsCollectionViewCell.swift */; };
		C6FE2E862D12BF12007B506F /* ReviewViewController.swift in Sources */ = {isa = PBXBuildFile; fileRef = C6FE2E852D12BF12007B506F /* ReviewViewController.swift */; };
/* End PBXBuildFile section */

/* Begin PBXContainerItemProxy section */
		C67CC84B2D064DD3005D1F80 /* PBXContainerItemProxy */ = {
			isa = PBXContainerItemProxy;
			containerPortal = C67CC8292D064DD1005D1F80 /* Project object */;
			proxyType = 1;
			remoteGlobalIDString = C67CC8302D064DD1005D1F80;
			remoteInfo = CepteBilet;
		};
		C67CC8552D064DD3005D1F80 /* PBXContainerItemProxy */ = {
			isa = PBXContainerItemProxy;
			containerPortal = C67CC8292D064DD1005D1F80 /* Project object */;
			proxyType = 1;
			remoteGlobalIDString = C67CC8302D064DD1005D1F80;
			remoteInfo = CepteBilet;
		};
/* End PBXContainerItemProxy section */

/* Begin PBXFileReference section */
		C62A2B8A2D12CBFA00D369D7 /* ReviewTableViewCell.swift */ = {isa = PBXFileReference; lastKnownFileType = sourcecode.swift; path = ReviewTableViewCell.swift; sourceTree = "<group>"; };
		C643EC822D08EA7600CB0424 /* HomePageMusicCollectionViewCell.swift */ = {isa = PBXFileReference; lastKnownFileType = sourcecode.swift; path = HomePageMusicCollectionViewCell.swift; sourceTree = "<group>"; };
		C643EC842D08EAAA00CB0424 /* HomePageTheatreCollectionViewCell.swift */ = {isa = PBXFileReference; lastKnownFileType = sourcecode.swift; path = HomePageTheatreCollectionViewCell.swift; sourceTree = "<group>"; };
		C643EC862D08EACD00CB0424 /* HomePageSportCollectionViewCell.swift */ = {isa = PBXFileReference; lastKnownFileType = sourcecode.swift; path = HomePageSportCollectionViewCell.swift; sourceTree = "<group>"; };
		C643EC882D08EAE500CB0424 /* HomePageCategoryCollectionViewCell.swift */ = {isa = PBXFileReference; lastKnownFileType = sourcecode.swift; path = HomePageCategoryCollectionViewCell.swift; sourceTree = "<group>"; };
		C643EC8A2D08F1B200CB0424 /* CategoryViewController.swift */ = {isa = PBXFileReference; lastKnownFileType = sourcecode.swift; path = CategoryViewController.swift; sourceTree = "<group>"; };
		C643EC8C2D08F1D100CB0424 /* CategoryCollectionViewCell.swift */ = {isa = PBXFileReference; lastKnownFileType = sourcecode.swift; path = CategoryCollectionViewCell.swift; sourceTree = "<group>"; };
		C643EC8E2D09B53200CB0424 /* CategoryDetailViewController.swift */ = {isa = PBXFileReference; lastKnownFileType = sourcecode.swift; path = CategoryDetailViewController.swift; sourceTree = "<group>"; };
		C643EC9E2D0A196800CB0424 /* DetailViewController.swift */ = {isa = PBXFileReference; lastKnownFileType = sourcecode.swift; path = DetailViewController.swift; sourceTree = "<group>"; };
		C643ECA02D0A1BB700CB0424 /* CategoryDetailRecommendedCollectionViewCell.swift */ = {isa = PBXFileReference; lastKnownFileType = sourcecode.swift; path = CategoryDetailRecommendedCollectionViewCell.swift; sourceTree = "<group>"; };
		C643ECA22D0A1BD000CB0424 /* CategoryDetailCollectionViewCell.swift */ = {isa = PBXFileReference; lastKnownFileType = sourcecode.swift; path = CategoryDetailCollectionViewCell.swift; sourceTree = "<group>"; };
		C643ECA42D0A483400CB0424 /* FilterViewController.swift */ = {isa = PBXFileReference; lastKnownFileType = sourcecode.swift; path = FilterViewController.swift; sourceTree = "<group>"; };
		C65E68D52D1D8D8800B6D9D8 /* TicketsBuyViewController.swift */ = {isa = PBXFileReference; lastKnownFileType = sourcecode.swift; path = TicketsBuyViewController.swift; sourceTree = "<group>"; };
		C667ED902D1E0DD70063C971 /* PaymentViewController.swift */ = {isa = PBXFileReference; lastKnownFileType = sourcecode.swift; path = PaymentViewController.swift; sourceTree = "<group>"; };
		C667EDA02D2586300063C971 /* CoreLocation.framework */ = {isa = PBXFileReference; lastKnownFileType = wrapper.framework; name = CoreLocation.framework; path = System/Library/Frameworks/CoreLocation.framework; sourceTree = SDKROOT; };
		C667EDA22D25F36B0063C971 /* LocationViewController.swift */ = {isa = PBXFileReference; lastKnownFileType = sourcecode.swift; path = LocationViewController.swift; sourceTree = "<group>"; };
		C667EDA42D25F4C20063C971 /* MapKit.framework */ = {isa = PBXFileReference; lastKnownFileType = wrapper.framework; name = MapKit.framework; path = System/Library/Frameworks/MapKit.framework; sourceTree = SDKROOT; };
		C67CC8312D064DD1005D1F80 /* CepteBilet.app */ = {isa = PBXFileReference; explicitFileType = wrapper.application; includeInIndex = 0; path = CepteBilet.app; sourceTree = BUILT_PRODUCTS_DIR; };
		C67CC84A2D064DD3005D1F80 /* CepteBiletTests.xctest */ = {isa = PBXFileReference; explicitFileType = wrapper.cfbundle; includeInIndex = 0; path = CepteBiletTests.xctest; sourceTree = BUILT_PRODUCTS_DIR; };
		C67CC8542D064DD3005D1F80 /* CepteBiletUITests.xctest */ = {isa = PBXFileReference; explicitFileType = wrapper.cfbundle; includeInIndex = 0; path = CepteBiletUITests.xctest; sourceTree = BUILT_PRODUCTS_DIR; };
		C67CC8AE2D06E6A4005D1F80 /* AppDelegate.swift */ = {isa = PBXFileReference; lastKnownFileType = sourcecode.swift; path = AppDelegate.swift; sourceTree = "<group>"; };
		C67CC8B42D06E6A4005D1F80 /* SceneDelegate.swift */ = {isa = PBXFileReference; lastKnownFileType = sourcecode.swift; path = SceneDelegate.swift; sourceTree = "<group>"; };
		C67CC8B52D06E6A4005D1F80 /* ViewController.swift */ = {isa = PBXFileReference; lastKnownFileType = sourcecode.swift; path = ViewController.swift; sourceTree = "<group>"; };
		C67CC8B62D06E6A4005D1F80 /* Base */ = {isa = PBXFileReference; lastKnownFileType = file.storyboard; name = Base; path = Base.lproj/Main.storyboard; sourceTree = "<group>"; };
		C67CC8B72D06E6A4005D1F80 /* Base */ = {isa = PBXFileReference; lastKnownFileType = file.storyboard; name = Base; path = Base.lproj/LaunchScreen.storyboard; sourceTree = "<group>"; };
		C682A3042D50FB5900C6CFB9 /* User.swift */ = {isa = PBXFileReference; lastKnownFileType = sourcecode.swift; path = User.swift; sourceTree = "<group>"; };
		C682A3132D5168B300C6CFB9 /* Category.swift */ = {isa = PBXFileReference; lastKnownFileType = sourcecode.swift; path = Category.swift; sourceTree = "<group>"; };
		C682A3172D516AB300C6CFB9 /* Event.swift */ = {isa = PBXFileReference; lastKnownFileType = sourcecode.swift; path = Event.swift; sourceTree = "<group>"; };
		C682A3192D516EB500C6CFB9 /* Review.swift */ = {isa = PBXFileReference; lastKnownFileType = sourcecode.swift; path = Review.swift; sourceTree = "<group>"; };
		C682A31B2D5170AC00C6CFB9 /* Filter.swift */ = {isa = PBXFileReference; lastKnownFileType = sourcecode.swift; path = Filter.swift; sourceTree = "<group>"; };
		C68CE0042D07144F0060AC86 /* ProfileCategoryTableViewCell.swift */ = {isa = PBXFileReference; lastKnownFileType = sourcecode.swift; path = ProfileCategoryTableViewCell.swift; sourceTree = "<group>"; };
		C68CE0062D071CDB0060AC86 /* LoginViewController.swift */ = {isa = PBXFileReference; lastKnownFileType = sourcecode.swift; path = LoginViewController.swift; sourceTree = "<group>"; };
		C68CE0082D07200F0060AC86 /* SignUpViewController.swift */ = {isa = PBXFileReference; lastKnownFileType = sourcecode.swift; path = SignUpViewController.swift; sourceTree = "<group>"; };
		C68CE00A2D072A740060AC86 /* ProfileUpdateViewController.swift */ = {isa = PBXFileReference; lastKnownFileType = sourcecode.swift; path = ProfileUpdateViewController.swift; sourceTree = "<group>"; };
		C68CE0192D08535C0060AC86 /* HomePageAdvertCollectionViewCell.swift */ = {isa = PBXFileReference; lastKnownFileType = sourcecode.swift; path = HomePageAdvertCollectionViewCell.swift; sourceTree = "<group>"; };
		C6C030552D0706DF003C4EC9 /* ProfileViewController.swift */ = {isa = PBXFileReference; lastKnownFileType = sourcecode.swift; path = ProfileViewController.swift; sourceTree = "<group>"; };
		C6FE2E632D106624007B506F /* FavoriteCollectionViewCell.swift */ = {isa = PBXFileReference; lastKnownFileType = sourcecode.swift; path = FavoriteCollectionViewCell.swift; sourceTree = "<group>"; };
		C6FE2E652D106636007B506F /* FavoriteViewController.swift */ = {isa = PBXFileReference; lastKnownFileType = sourcecode.swift; path = FavoriteViewController.swift; sourceTree = "<group>"; };
		C6FE2E672D106E6C007B506F /* TicketsViewController.swift */ = {isa = PBXFileReference; lastKnownFileType = sourcecode.swift; path = TicketsViewController.swift; sourceTree = "<group>"; };
		C6FE2E692D11A9E8007B506F /* TicketsCollectionViewCell.swift */ = {isa = PBXFileReference; lastKnownFileType = sourcecode.swift; path = TicketsCollectionViewCell.swift; sourceTree = "<group>"; };
		C6FE2E852D12BF12007B506F /* ReviewViewController.swift */ = {isa = PBXFileReference; lastKnownFileType = sourcecode.swift; path = ReviewViewController.swift; sourceTree = "<group>"; };
/* End PBXFileReference section */

/* Begin PBXFileSystemSynchronizedBuildFileExceptionSet section */
		C67CC85C2D064DD3005D1F80 /* Exceptions for "CepteBilet" folder in "CepteBilet" target */ = {
			isa = PBXFileSystemSynchronizedBuildFileExceptionSet;
			membershipExceptions = (
				Info.plist,
			);
			target = C67CC8302D064DD1005D1F80 /* CepteBilet */;
		};
/* End PBXFileSystemSynchronizedBuildFileExceptionSet section */

/* Begin PBXFileSystemSynchronizedRootGroup section */
		C67CC8332D064DD1005D1F80 /* CepteBilet */ = {
			isa = PBXFileSystemSynchronizedRootGroup;
			exceptions = (
				C67CC85C2D064DD3005D1F80 /* Exceptions for "CepteBilet" folder in "CepteBilet" target */,
			);
			path = CepteBilet;
			sourceTree = "<group>";
		};
		C67CC84D2D064DD3005D1F80 /* CepteBiletTests */ = {
			isa = PBXFileSystemSynchronizedRootGroup;
			path = CepteBiletTests;
			sourceTree = "<group>";
		};
		C67CC8572D064DD3005D1F80 /* CepteBiletUITests */ = {
			isa = PBXFileSystemSynchronizedRootGroup;
			path = CepteBiletUITests;
			sourceTree = "<group>";
		};
/* End PBXFileSystemSynchronizedRootGroup section */

/* Begin PBXFrameworksBuildPhase section */
		C67CC82E2D064DD1005D1F80 /* Frameworks */ = {
			isa = PBXFrameworksBuildPhase;
			buildActionMask = 2147483647;
			files = (
				C667EDA52D25F4C20063C971 /* MapKit.framework in Frameworks */,
				C667EDA12D2586300063C971 /* CoreLocation.framework in Frameworks */,
			);
			runOnlyForDeploymentPostprocessing = 0;
		};
		C67CC8472D064DD3005D1F80 /* Frameworks */ = {
			isa = PBXFrameworksBuildPhase;
			buildActionMask = 2147483647;
			files = (
			);
			runOnlyForDeploymentPostprocessing = 0;
		};
		C67CC8512D064DD3005D1F80 /* Frameworks */ = {
			isa = PBXFrameworksBuildPhase;
			buildActionMask = 2147483647;
			files = (
			);
			runOnlyForDeploymentPostprocessing = 0;
		};
/* End PBXFrameworksBuildPhase section */

/* Begin PBXGroup section */
		C667ED9F2D25862D0063C971 /* Frameworks */ = {
			isa = PBXGroup;
			children = (
				C667EDA42D25F4C20063C971 /* MapKit.framework */,
				C667EDA02D2586300063C971 /* CoreLocation.framework */,
			);
			name = Frameworks;
			sourceTree = "<group>";
		};
		C67CC8282D064DD1005D1F80 = {
			isa = PBXGroup;
			children = (
				C682A3032D50FB3900C6CFB9 /* Model */,
				C67CC8332D064DD1005D1F80 /* CepteBilet */,
				C67CC8C72D06E6BB005D1F80 /* Storyboard */,
				C67CC8852D06E63C005D1F80 /* Delegate */,
				C67CC8822D06E543005D1F80 /* Cell */,
				C67CC8812D06E530005D1F80 /* Controller */,
				C67CC84D2D064DD3005D1F80 /* CepteBiletTests */,
				C67CC8572D064DD3005D1F80 /* CepteBiletUITests */,
				C667ED9F2D25862D0063C971 /* Frameworks */,
				C67CC8322D064DD1005D1F80 /* Products */,
			);
			sourceTree = "<group>";
		};
		C67CC8322D064DD1005D1F80 /* Products */ = {
			isa = PBXGroup;
			children = (
				C67CC8312D064DD1005D1F80 /* CepteBilet.app */,
				C67CC84A2D064DD3005D1F80 /* CepteBiletTests.xctest */,
				C67CC8542D064DD3005D1F80 /* CepteBiletUITests.xctest */,
			);
			name = Products;
			sourceTree = "<group>";
		};
		C67CC8812D06E530005D1F80 /* Controller */ = {
			isa = PBXGroup;
			children = (
				C67CC8B52D06E6A4005D1F80 /* ViewController.swift */,
				C643EC8A2D08F1B200CB0424 /* CategoryViewController.swift */,
				C643EC8E2D09B53200CB0424 /* CategoryDetailViewController.swift */,
				C643EC9E2D0A196800CB0424 /* DetailViewController.swift */,
				C643ECA42D0A483400CB0424 /* FilterViewController.swift */,
				C6C030552D0706DF003C4EC9 /* ProfileViewController.swift */,
				C68CE0062D071CDB0060AC86 /* LoginViewController.swift */,
				C68CE0082D07200F0060AC86 /* SignUpViewController.swift */,
				C68CE00A2D072A740060AC86 /* ProfileUpdateViewController.swift */,
				C6FE2E652D106636007B506F /* FavoriteViewController.swift */,
				C6FE2E672D106E6C007B506F /* TicketsViewController.swift */,
				C6FE2E852D12BF12007B506F /* ReviewViewController.swift */,
				C65E68D52D1D8D8800B6D9D8 /* TicketsBuyViewController.swift */,
				C667ED902D1E0DD70063C971 /* PaymentViewController.swift */,
				C667EDA22D25F36B0063C971 /* LocationViewController.swift */,
			);
			path = Controller;
			sourceTree = "<group>";
		};
		C67CC8822D06E543005D1F80 /* Cell */ = {
			isa = PBXGroup;
			children = (
				C68CE0042D07144F0060AC86 /* ProfileCategoryTableViewCell.swift */,
				C68CE0192D08535C0060AC86 /* HomePageAdvertCollectionViewCell.swift */,
				C643EC822D08EA7600CB0424 /* HomePageMusicCollectionViewCell.swift */,
				C643EC842D08EAAA00CB0424 /* HomePageTheatreCollectionViewCell.swift */,
				C643EC862D08EACD00CB0424 /* HomePageSportCollectionViewCell.swift */,
				C643EC882D08EAE500CB0424 /* HomePageCategoryCollectionViewCell.swift */,
				C643EC8C2D08F1D100CB0424 /* CategoryCollectionViewCell.swift */,
				C643ECA22D0A1BD000CB0424 /* CategoryDetailCollectionViewCell.swift */,
				C643ECA02D0A1BB700CB0424 /* CategoryDetailRecommendedCollectionViewCell.swift */,
				C6FE2E632D106624007B506F /* FavoriteCollectionViewCell.swift */,
				C6FE2E692D11A9E8007B506F /* TicketsCollectionViewCell.swift */,
				C62A2B8A2D12CBFA00D369D7 /* ReviewTableViewCell.swift */,
			);
			path = Cell;
			sourceTree = "<group>";
		};
		C67CC8852D06E63C005D1F80 /* Delegate */ = {
			isa = PBXGroup;
			children = (
				C67CC8AE2D06E6A4005D1F80 /* AppDelegate.swift */,
				C67CC8B42D06E6A4005D1F80 /* SceneDelegate.swift */,
			);
			path = Delegate;
			sourceTree = "<group>";
		};
		C67CC8C72D06E6BB005D1F80 /* Storyboard */ = {
			isa = PBXGroup;
			children = (
				C67CC8B32D06E6A4005D1F80 /* Main.storyboard */,
				C67CC8B22D06E6A4005D1F80 /* LaunchScreen.storyboard */,
			);
			path = Storyboard;
			sourceTree = "<group>";
		};
		C682A3032D50FB3900C6CFB9 /* Model */ = {
			isa = PBXGroup;
			children = (
				C682A3042D50FB5900C6CFB9 /* User.swift */,
				C682A3132D5168B300C6CFB9 /* Category.swift */,
				C682A3172D516AB300C6CFB9 /* Event.swift */,
				C682A3192D516EB500C6CFB9 /* Review.swift */,
				C682A31B2D5170AC00C6CFB9 /* Filter.swift */,
			);
			path = Model;
			sourceTree = "<group>";
		};
/* End PBXGroup section */

/* Begin PBXNativeTarget section */
		C67CC8302D064DD1005D1F80 /* CepteBilet */ = {
			isa = PBXNativeTarget;
			buildConfigurationList = C67CC85D2D064DD3005D1F80 /* Build configuration list for PBXNativeTarget "CepteBilet" */;
			buildPhases = (
				C67CC82D2D064DD1005D1F80 /* Sources */,
				C67CC82E2D064DD1005D1F80 /* Frameworks */,
				C67CC82F2D064DD1005D1F80 /* Resources */,
			);
			buildRules = (
			);
			dependencies = (
			);
			fileSystemSynchronizedGroups = (
				C67CC8332D064DD1005D1F80 /* CepteBilet */,
			);
			name = CepteBilet;
			packageProductDependencies = (
			);
			productName = CepteBilet;
			productReference = C67CC8312D064DD1005D1F80 /* CepteBilet.app */;
			productType = "com.apple.product-type.application";
		};
		C67CC8492D064DD3005D1F80 /* CepteBiletTests */ = {
			isa = PBXNativeTarget;
			buildConfigurationList = C67CC8622D064DD3005D1F80 /* Build configuration list for PBXNativeTarget "CepteBiletTests" */;
			buildPhases = (
				C67CC8462D064DD3005D1F80 /* Sources */,
				C67CC8472D064DD3005D1F80 /* Frameworks */,
				C67CC8482D064DD3005D1F80 /* Resources */,
			);
			buildRules = (
			);
			dependencies = (
				C67CC84C2D064DD3005D1F80 /* PBXTargetDependency */,
			);
			fileSystemSynchronizedGroups = (
				C67CC84D2D064DD3005D1F80 /* CepteBiletTests */,
			);
			name = CepteBiletTests;
			packageProductDependencies = (
			);
			productName = CepteBiletTests;
			productReference = C67CC84A2D064DD3005D1F80 /* CepteBiletTests.xctest */;
			productType = "com.apple.product-type.bundle.unit-test";
		};
		C67CC8532D064DD3005D1F80 /* CepteBiletUITests */ = {
			isa = PBXNativeTarget;
			buildConfigurationList = C67CC8652D064DD3005D1F80 /* Build configuration list for PBXNativeTarget "CepteBiletUITests" */;
			buildPhases = (
				C67CC8502D064DD3005D1F80 /* Sources */,
				C67CC8512D064DD3005D1F80 /* Frameworks */,
				C67CC8522D064DD3005D1F80 /* Resources */,
			);
			buildRules = (
			);
			dependencies = (
				C67CC8562D064DD3005D1F80 /* PBXTargetDependency */,
			);
			fileSystemSynchronizedGroups = (
				C67CC8572D064DD3005D1F80 /* CepteBiletUITests */,
			);
			name = CepteBiletUITests;
			packageProductDependencies = (
			);
			productName = CepteBiletUITests;
			productReference = C67CC8542D064DD3005D1F80 /* CepteBiletUITests.xctest */;
			productType = "com.apple.product-type.bundle.ui-testing";
		};
/* End PBXNativeTarget section */

/* Begin PBXProject section */
		C67CC8292D064DD1005D1F80 /* Project object */ = {
			isa = PBXProject;
			attributes = {
				BuildIndependentTargetsInParallel = 1;
				LastSwiftUpdateCheck = 1610;
				LastUpgradeCheck = 1610;
				TargetAttributes = {
					C67CC8302D064DD1005D1F80 = {
						CreatedOnToolsVersion = 16.1;
					};
					C67CC8492D064DD3005D1F80 = {
						CreatedOnToolsVersion = 16.1;
						TestTargetID = C67CC8302D064DD1005D1F80;
					};
					C67CC8532D064DD3005D1F80 = {
						CreatedOnToolsVersion = 16.1;
						TestTargetID = C67CC8302D064DD1005D1F80;
					};
				};
			};
			buildConfigurationList = C67CC82C2D064DD1005D1F80 /* Build configuration list for PBXProject "CepteBilet" */;
			developmentRegion = en;
			hasScannedForEncodings = 0;
			knownRegions = (
				en,
				Base,
			);
			mainGroup = C67CC8282D064DD1005D1F80;
			minimizedProjectReferenceProxies = 1;
			preferredProjectObjectVersion = 77;
			productRefGroup = C67CC8322D064DD1005D1F80 /* Products */;
			projectDirPath = "";
			projectRoot = "";
			targets = (
				C67CC8302D064DD1005D1F80 /* CepteBilet */,
				C67CC8492D064DD3005D1F80 /* CepteBiletTests */,
				C67CC8532D064DD3005D1F80 /* CepteBiletUITests */,
			);
		};
/* End PBXProject section */

/* Begin PBXResourcesBuildPhase section */
		C67CC82F2D064DD1005D1F80 /* Resources */ = {
			isa = PBXResourcesBuildPhase;
			buildActionMask = 2147483647;
			files = (
				C67CC8BF2D06E6A4005D1F80 /* LaunchScreen.storyboard in Resources */,
				C67CC8C02D06E6A4005D1F80 /* Main.storyboard in Resources */,
			);
			runOnlyForDeploymentPostprocessing = 0;
		};
		C67CC8482D064DD3005D1F80 /* Resources */ = {
			isa = PBXResourcesBuildPhase;
			buildActionMask = 2147483647;
			files = (
			);
			runOnlyForDeploymentPostprocessing = 0;
		};
		C67CC8522D064DD3005D1F80 /* Resources */ = {
			isa = PBXResourcesBuildPhase;
			buildActionMask = 2147483647;
			files = (
			);
			runOnlyForDeploymentPostprocessing = 0;
		};
/* End PBXResourcesBuildPhase section */

/* Begin PBXSourcesBuildPhase section */
		C67CC82D2D064DD1005D1F80 /* Sources */ = {
			isa = PBXSourcesBuildPhase;
			buildActionMask = 2147483647;
			files = (
				C6FE2E662D106636007B506F /* FavoriteViewController.swift in Sources */,
				C682A3182D516AB300C6CFB9 /* Event.swift in Sources */,
				C6FE2E862D12BF12007B506F /* ReviewViewController.swift in Sources */,
				C643ECA52D0A483400CB0424 /* FilterViewController.swift in Sources */,
				C643EC8D2D08F1D100CB0424 /* CategoryCollectionViewCell.swift in Sources */,
				C682A3052D50FB5900C6CFB9 /* User.swift in Sources */,
				C643ECA32D0A1BD000CB0424 /* CategoryDetailCollectionViewCell.swift in Sources */,
				C6FE2E682D106E6C007B506F /* TicketsViewController.swift in Sources */,
				C682A3142D5168B300C6CFB9 /* Category.swift in Sources */,
				C643EC852D08EAAA00CB0424 /* HomePageTheatreCollectionViewCell.swift in Sources */,
				C667ED912D1E0DD70063C971 /* PaymentViewController.swift in Sources */,
				C68CE0072D071CDB0060AC86 /* LoginViewController.swift in Sources */,
				C643EC8F2D09B53200CB0424 /* CategoryDetailViewController.swift in Sources */,
				C682A31A2D516EB500C6CFB9 /* Review.swift in Sources */,
				C6FE2E6A2D11A9E8007B506F /* TicketsCollectionViewCell.swift in Sources */,
				C67CC8B92D06E6A4005D1F80 /* AppDelegate.swift in Sources */,
				C68CE0092D07200F0060AC86 /* SignUpViewController.swift in Sources */,
				C6FE2E642D106624007B506F /* FavoriteCollectionViewCell.swift in Sources */,
				C643EC892D08EAE500CB0424 /* HomePageCategoryCollectionViewCell.swift in Sources */,
				C667EDA32D25F36B0063C971 /* LocationViewController.swift in Sources */,
				C68CE00B2D072A740060AC86 /* ProfileUpdateViewController.swift in Sources */,
				C682A31C2D5170AC00C6CFB9 /* Filter.swift in Sources */,
				C62A2B8B2D12CBFA00D369D7 /* ReviewTableViewCell.swift in Sources */,
				C643EC9F2D0A196800CB0424 /* DetailViewController.swift in Sources */,
				C6C030562D0706DF003C4EC9 /* ProfileViewController.swift in Sources */,
				C68CE0052D07144F0060AC86 /* ProfileCategoryTableViewCell.swift in Sources */,
				C643EC872D08EACD00CB0424 /* HomePageSportCollectionViewCell.swift in Sources */,
				C643EC8B2D08F1B200CB0424 /* CategoryViewController.swift in Sources */,
				C67CC8BB2D06E6A4005D1F80 /* SceneDelegate.swift in Sources */,
				C643ECA12D0A1BB700CB0424 /* CategoryDetailRecommendedCollectionViewCell.swift in Sources */,
				C65E68D62D1D8D8800B6D9D8 /* TicketsBuyViewController.swift in Sources */,
				C68CE01A2D08535C0060AC86 /* HomePageAdvertCollectionViewCell.swift in Sources */,
				C67CC8BC2D06E6A4005D1F80 /* ViewController.swift in Sources */,
				C643EC832D08EA7600CB0424 /* HomePageMusicCollectionViewCell.swift in Sources */,
			);
			runOnlyForDeploymentPostprocessing = 0;
		};
		C67CC8462D064DD3005D1F80 /* Sources */ = {
			isa = PBXSourcesBuildPhase;
			buildActionMask = 2147483647;
			files = (
			);
			runOnlyForDeploymentPostprocessing = 0;
		};
		C67CC8502D064DD3005D1F80 /* Sources */ = {
			isa = PBXSourcesBuildPhase;
			buildActionMask = 2147483647;
			files = (
			);
			runOnlyForDeploymentPostprocessing = 0;
		};
/* End PBXSourcesBuildPhase section */

/* Begin PBXTargetDependency section */
		C67CC84C2D064DD3005D1F80 /* PBXTargetDependency */ = {
			isa = PBXTargetDependency;
			target = C67CC8302D064DD1005D1F80 /* CepteBilet */;
			targetProxy = C67CC84B2D064DD3005D1F80 /* PBXContainerItemProxy */;
		};
		C67CC8562D064DD3005D1F80 /* PBXTargetDependency */ = {
			isa = PBXTargetDependency;
			target = C67CC8302D064DD1005D1F80 /* CepteBilet */;
			targetProxy = C67CC8552D064DD3005D1F80 /* PBXContainerItemProxy */;
		};
/* End PBXTargetDependency section */

/* Begin PBXVariantGroup section */
		C67CC8B22D06E6A4005D1F80 /* LaunchScreen.storyboard */ = {
			isa = PBXVariantGroup;
			children = (
				C67CC8B72D06E6A4005D1F80 /* Base */,
			);
			name = LaunchScreen.storyboard;
			sourceTree = "<group>";
		};
		C67CC8B32D06E6A4005D1F80 /* Main.storyboard */ = {
			isa = PBXVariantGroup;
			children = (
				C67CC8B62D06E6A4005D1F80 /* Base */,
			);
			name = Main.storyboard;
			sourceTree = "<group>";
		};
/* End PBXVariantGroup section */

/* Begin XCBuildConfiguration section */
		C67CC85E2D064DD3005D1F80 /* Debug */ = {
			isa = XCBuildConfiguration;
			buildSettings = {
				ASSETCATALOG_COMPILER_APPICON_NAME = AppIcon;
				ASSETCATALOG_COMPILER_GLOBAL_ACCENT_COLOR_NAME = AccentColor;
				CODE_SIGN_STYLE = Automatic;
				CURRENT_PROJECT_VERSION = 1;
				GENERATE_INFOPLIST_FILE = YES;
				INFOPLIST_FILE = CepteBilet/Info.plist;
				INFOPLIST_KEY_NSLocationWhenInUseUsageDescription = "location permission";
				INFOPLIST_KEY_UIApplicationSupportsIndirectInputEvents = YES;
				INFOPLIST_KEY_UILaunchStoryboardName = LaunchScreen;
				INFOPLIST_KEY_UIMainStoryboardFile = Main;
				INFOPLIST_KEY_UISupportedInterfaceOrientations_iPad = "UIInterfaceOrientationPortrait UIInterfaceOrientationPortraitUpsideDown UIInterfaceOrientationLandscapeLeft UIInterfaceOrientationLandscapeRight";
				INFOPLIST_KEY_UISupportedInterfaceOrientations_iPhone = "UIInterfaceOrientationPortrait UIInterfaceOrientationLandscapeLeft UIInterfaceOrientationLandscapeRight";
				LD_RUNPATH_SEARCH_PATHS = (
					"$(inherited)",
					"@executable_path/Frameworks",
				);
				MARKETING_VERSION = 1.0;
				PRODUCT_BUNDLE_IDENTIFIER = com.CepteBilet;
				PRODUCT_NAME = "$(TARGET_NAME)";
				SWIFT_EMIT_LOC_STRINGS = YES;
				SWIFT_VERSION = 5.0;
				TARGETED_DEVICE_FAMILY = "1,2";
			};
			name = Debug;
		};
		C67CC85F2D064DD3005D1F80 /* Release */ = {
			isa = XCBuildConfiguration;
			buildSettings = {
				ASSETCATALOG_COMPILER_APPICON_NAME = AppIcon;
				ASSETCATALOG_COMPILER_GLOBAL_ACCENT_COLOR_NAME = AccentColor;
				CODE_SIGN_STYLE = Automatic;
				CURRENT_PROJECT_VERSION = 1;
				GENERATE_INFOPLIST_FILE = YES;
				INFOPLIST_FILE = CepteBilet/Info.plist;
				INFOPLIST_KEY_NSLocationWhenInUseUsageDescription = "location permission";
				INFOPLIST_KEY_UIApplicationSupportsIndirectInputEvents = YES;
				INFOPLIST_KEY_UILaunchStoryboardName = LaunchScreen;
				INFOPLIST_KEY_UIMainStoryboardFile = Main;
				INFOPLIST_KEY_UISupportedInterfaceOrientations_iPad = "UIInterfaceOrientationPortrait UIInterfaceOrientationPortraitUpsideDown UIInterfaceOrientationLandscapeLeft UIInterfaceOrientationLandscapeRight";
				INFOPLIST_KEY_UISupportedInterfaceOrientations_iPhone = "UIInterfaceOrientationPortrait UIInterfaceOrientationLandscapeLeft UIInterfaceOrientationLandscapeRight";
				LD_RUNPATH_SEARCH_PATHS = (
					"$(inherited)",
					"@executable_path/Frameworks",
				);
				MARKETING_VERSION = 1.0;
				PRODUCT_BUNDLE_IDENTIFIER = com.CepteBilet;
				PRODUCT_NAME = "$(TARGET_NAME)";
				SWIFT_EMIT_LOC_STRINGS = YES;
				SWIFT_VERSION = 5.0;
				TARGETED_DEVICE_FAMILY = "1,2";
			};
			name = Release;
		};
		C67CC8602D064DD3005D1F80 /* Debug */ = {
			isa = XCBuildConfiguration;
			buildSettings = {
				ALWAYS_SEARCH_USER_PATHS = NO;
				ASSETCATALOG_COMPILER_GENERATE_SWIFT_ASSET_SYMBOL_EXTENSIONS = YES;
				CLANG_ANALYZER_NONNULL = YES;
				CLANG_ANALYZER_NUMBER_OBJECT_CONVERSION = YES_AGGRESSIVE;
				CLANG_CXX_LANGUAGE_STANDARD = "gnu++20";
				CLANG_ENABLE_MODULES = YES;
				CLANG_ENABLE_OBJC_ARC = YES;
				CLANG_ENABLE_OBJC_WEAK = YES;
				CLANG_WARN_BLOCK_CAPTURE_AUTORELEASING = YES;
				CLANG_WARN_BOOL_CONVERSION = YES;
				CLANG_WARN_COMMA = YES;
				CLANG_WARN_CONSTANT_CONVERSION = YES;
				CLANG_WARN_DEPRECATED_OBJC_IMPLEMENTATIONS = YES;
				CLANG_WARN_DIRECT_OBJC_ISA_USAGE = YES_ERROR;
				CLANG_WARN_DOCUMENTATION_COMMENTS = YES;
				CLANG_WARN_EMPTY_BODY = YES;
				CLANG_WARN_ENUM_CONVERSION = YES;
				CLANG_WARN_INFINITE_RECURSION = YES;
				CLANG_WARN_INT_CONVERSION = YES;
				CLANG_WARN_NON_LITERAL_NULL_CONVERSION = YES;
				CLANG_WARN_OBJC_IMPLICIT_RETAIN_SELF = YES;
				CLANG_WARN_OBJC_LITERAL_CONVERSION = YES;
				CLANG_WARN_OBJC_ROOT_CLASS = YES_ERROR;
				CLANG_WARN_QUOTED_INCLUDE_IN_FRAMEWORK_HEADER = YES;
				CLANG_WARN_RANGE_LOOP_ANALYSIS = YES;
				CLANG_WARN_STRICT_PROTOTYPES = YES;
				CLANG_WARN_SUSPICIOUS_MOVE = YES;
				CLANG_WARN_UNGUARDED_AVAILABILITY = YES_AGGRESSIVE;
				CLANG_WARN_UNREACHABLE_CODE = YES;
				CLANG_WARN__DUPLICATE_METHOD_MATCH = YES;
				COPY_PHASE_STRIP = NO;
				DEBUG_INFORMATION_FORMAT = dwarf;
				ENABLE_STRICT_OBJC_MSGSEND = YES;
				ENABLE_TESTABILITY = YES;
				ENABLE_USER_SCRIPT_SANDBOXING = YES;
				GCC_C_LANGUAGE_STANDARD = gnu17;
				GCC_DYNAMIC_NO_PIC = NO;
				GCC_NO_COMMON_BLOCKS = YES;
				GCC_OPTIMIZATION_LEVEL = 0;
				GCC_PREPROCESSOR_DEFINITIONS = (
					"DEBUG=1",
					"$(inherited)",
				);
				GCC_WARN_64_TO_32_BIT_CONVERSION = YES;
				GCC_WARN_ABOUT_RETURN_TYPE = YES_ERROR;
				GCC_WARN_UNDECLARED_SELECTOR = YES;
				GCC_WARN_UNINITIALIZED_AUTOS = YES_AGGRESSIVE;
				GCC_WARN_UNUSED_FUNCTION = YES;
				GCC_WARN_UNUSED_VARIABLE = YES;
				IPHONEOS_DEPLOYMENT_TARGET = 18.1;
				LOCALIZATION_PREFERS_STRING_CATALOGS = YES;
				MTL_ENABLE_DEBUG_INFO = INCLUDE_SOURCE;
				MTL_FAST_MATH = YES;
				ONLY_ACTIVE_ARCH = YES;
				SDKROOT = iphoneos;
				SWIFT_ACTIVE_COMPILATION_CONDITIONS = "DEBUG $(inherited)";
				SWIFT_OPTIMIZATION_LEVEL = "-Onone";
			};
			name = Debug;
		};
		C67CC8612D064DD3005D1F80 /* Release */ = {
			isa = XCBuildConfiguration;
			buildSettings = {
				ALWAYS_SEARCH_USER_PATHS = NO;
				ASSETCATALOG_COMPILER_GENERATE_SWIFT_ASSET_SYMBOL_EXTENSIONS = YES;
				CLANG_ANALYZER_NONNULL = YES;
				CLANG_ANALYZER_NUMBER_OBJECT_CONVERSION = YES_AGGRESSIVE;
				CLANG_CXX_LANGUAGE_STANDARD = "gnu++20";
				CLANG_ENABLE_MODULES = YES;
				CLANG_ENABLE_OBJC_ARC = YES;
				CLANG_ENABLE_OBJC_WEAK = YES;
				CLANG_WARN_BLOCK_CAPTURE_AUTORELEASING = YES;
				CLANG_WARN_BOOL_CONVERSION = YES;
				CLANG_WARN_COMMA = YES;
				CLANG_WARN_CONSTANT_CONVERSION = YES;
				CLANG_WARN_DEPRECATED_OBJC_IMPLEMENTATIONS = YES;
				CLANG_WARN_DIRECT_OBJC_ISA_USAGE = YES_ERROR;
				CLANG_WARN_DOCUMENTATION_COMMENTS = YES;
				CLANG_WARN_EMPTY_BODY = YES;
				CLANG_WARN_ENUM_CONVERSION = YES;
				CLANG_WARN_INFINITE_RECURSION = YES;
				CLANG_WARN_INT_CONVERSION = YES;
				CLANG_WARN_NON_LITERAL_NULL_CONVERSION = YES;
				CLANG_WARN_OBJC_IMPLICIT_RETAIN_SELF = YES;
				CLANG_WARN_OBJC_LITERAL_CONVERSION = YES;
				CLANG_WARN_OBJC_ROOT_CLASS = YES_ERROR;
				CLANG_WARN_QUOTED_INCLUDE_IN_FRAMEWORK_HEADER = YES;
				CLANG_WARN_RANGE_LOOP_ANALYSIS = YES;
				CLANG_WARN_STRICT_PROTOTYPES = YES;
				CLANG_WARN_SUSPICIOUS_MOVE = YES;
				CLANG_WARN_UNGUARDED_AVAILABILITY = YES_AGGRESSIVE;
				CLANG_WARN_UNREACHABLE_CODE = YES;
				CLANG_WARN__DUPLICATE_METHOD_MATCH = YES;
				COPY_PHASE_STRIP = NO;
				DEBUG_INFORMATION_FORMAT = "dwarf-with-dsym";
				ENABLE_NS_ASSERTIONS = NO;
				ENABLE_STRICT_OBJC_MSGSEND = YES;
				ENABLE_USER_SCRIPT_SANDBOXING = YES;
				GCC_C_LANGUAGE_STANDARD = gnu17;
				GCC_NO_COMMON_BLOCKS = YES;
				GCC_WARN_64_TO_32_BIT_CONVERSION = YES;
				GCC_WARN_ABOUT_RETURN_TYPE = YES_ERROR;
				GCC_WARN_UNDECLARED_SELECTOR = YES;
				GCC_WARN_UNINITIALIZED_AUTOS = YES_AGGRESSIVE;
				GCC_WARN_UNUSED_FUNCTION = YES;
				GCC_WARN_UNUSED_VARIABLE = YES;
				IPHONEOS_DEPLOYMENT_TARGET = 18.1;
				LOCALIZATION_PREFERS_STRING_CATALOGS = YES;
				MTL_ENABLE_DEBUG_INFO = NO;
				MTL_FAST_MATH = YES;
				SDKROOT = iphoneos;
				SWIFT_COMPILATION_MODE = wholemodule;
				VALIDATE_PRODUCT = YES;
			};
			name = Release;
		};
		C67CC8632D064DD3005D1F80 /* Debug */ = {
			isa = XCBuildConfiguration;
			buildSettings = {
				BUNDLE_LOADER = "$(TEST_HOST)";
				CODE_SIGN_STYLE = Automatic;
				CURRENT_PROJECT_VERSION = 1;
				GENERATE_INFOPLIST_FILE = YES;
				IPHONEOS_DEPLOYMENT_TARGET = 18.1;
				MARKETING_VERSION = 1.0;
				PRODUCT_BUNDLE_IDENTIFIER = com.CepteBiletTests;
				PRODUCT_NAME = "$(TARGET_NAME)";
				SWIFT_EMIT_LOC_STRINGS = NO;
				SWIFT_VERSION = 5.0;
				TARGETED_DEVICE_FAMILY = "1,2";
				TEST_HOST = "$(BUILT_PRODUCTS_DIR)/CepteBilet.app/$(BUNDLE_EXECUTABLE_FOLDER_PATH)/CepteBilet";
			};
			name = Debug;
		};
		C67CC8642D064DD3005D1F80 /* Release */ = {
			isa = XCBuildConfiguration;
			buildSettings = {
				BUNDLE_LOADER = "$(TEST_HOST)";
				CODE_SIGN_STYLE = Automatic;
				CURRENT_PROJECT_VERSION = 1;
				GENERATE_INFOPLIST_FILE = YES;
				IPHONEOS_DEPLOYMENT_TARGET = 18.1;
				MARKETING_VERSION = 1.0;
				PRODUCT_BUNDLE_IDENTIFIER = com.CepteBiletTests;
				PRODUCT_NAME = "$(TARGET_NAME)";
				SWIFT_EMIT_LOC_STRINGS = NO;
				SWIFT_VERSION = 5.0;
				TARGETED_DEVICE_FAMILY = "1,2";
				TEST_HOST = "$(BUILT_PRODUCTS_DIR)/CepteBilet.app/$(BUNDLE_EXECUTABLE_FOLDER_PATH)/CepteBilet";
			};
			name = Release;
		};
		C67CC8662D064DD3005D1F80 /* Debug */ = {
			isa = XCBuildConfiguration;
			buildSettings = {
				CODE_SIGN_STYLE = Automatic;
				CURRENT_PROJECT_VERSION = 1;
				GENERATE_INFOPLIST_FILE = YES;
				MARKETING_VERSION = 1.0;
				PRODUCT_BUNDLE_IDENTIFIER = com.CepteBiletUITests;
				PRODUCT_NAME = "$(TARGET_NAME)";
				SWIFT_EMIT_LOC_STRINGS = NO;
				SWIFT_VERSION = 5.0;
				TARGETED_DEVICE_FAMILY = "1,2";
				TEST_TARGET_NAME = CepteBilet;
			};
			name = Debug;
		};
		C67CC8672D064DD3005D1F80 /* Release */ = {
			isa = XCBuildConfiguration;
			buildSettings = {
				CODE_SIGN_STYLE = Automatic;
				CURRENT_PROJECT_VERSION = 1;
				GENERATE_INFOPLIST_FILE = YES;
				MARKETING_VERSION = 1.0;
				PRODUCT_BUNDLE_IDENTIFIER = com.CepteBiletUITests;
				PRODUCT_NAME = "$(TARGET_NAME)";
				SWIFT_EMIT_LOC_STRINGS = NO;
				SWIFT_VERSION = 5.0;
				TARGETED_DEVICE_FAMILY = "1,2";
				TEST_TARGET_NAME = CepteBilet;
			};
			name = Release;
		};
/* End XCBuildConfiguration section */

/* Begin XCConfigurationList section */
		C67CC82C2D064DD1005D1F80 /* Build configuration list for PBXProject "CepteBilet" */ = {
			isa = XCConfigurationList;
			buildConfigurations = (
				C67CC8602D064DD3005D1F80 /* Debug */,
				C67CC8612D064DD3005D1F80 /* Release */,
			);
			defaultConfigurationIsVisible = 0;
			defaultConfigurationName = Release;
		};
		C67CC85D2D064DD3005D1F80 /* Build configuration list for PBXNativeTarget "CepteBilet" */ = {
			isa = XCConfigurationList;
			buildConfigurations = (
				C67CC85E2D064DD3005D1F80 /* Debug */,
				C67CC85F2D064DD3005D1F80 /* Release */,
			);
			defaultConfigurationIsVisible = 0;
			defaultConfigurationName = Release;
		};
		C67CC8622D064DD3005D1F80 /* Build configuration list for PBXNativeTarget "CepteBiletTests" */ = {
			isa = XCConfigurationList;
			buildConfigurations = (
				C67CC8632D064DD3005D1F80 /* Debug */,
				C67CC8642D064DD3005D1F80 /* Release */,
			);
			defaultConfigurationIsVisible = 0;
			defaultConfigurationName = Release;
		};
		C67CC8652D064DD3005D1F80 /* Build configuration list for PBXNativeTarget "CepteBiletUITests" */ = {
			isa = XCConfigurationList;
			buildConfigurations = (
				C67CC8662D064DD3005D1F80 /* Debug */,
				C67CC8672D064DD3005D1F80 /* Release */,
			);
			defaultConfigurationIsVisible = 0;
			defaultConfigurationName = Release;
		};
/* End XCConfigurationList section */
	};
	rootObject = C67CC8292D064DD1005D1F80 /* Project object */;
}
